
Microsoft Visual Studio Solution File, Format Version 12.00
# Visual Studio Version 16
VisualStudioVersion = 16.0.29519.87
MinimumVisualStudioVersion = 10.0.40219.1
Project("{FAE04EC0-301F-11D3-BF4B-00C04F79EFBC}") = "escuela", "escuela\escuela.csproj", "{20C2D1E1-8F39-41E8-91A2-582BB86D5C2A}"
EndProject
Global
	GlobalSection(SolutionConfigurationPlatforms) = preSolution
		Debug|Any CPU = Debug|Any CPU
		Release|Any CPU = Release|Any CPU
	EndGlobalSection
	GlobalSection(ProjectConfigurationPlatforms) = postSolution
		{20C2D1E1-8F39-41E8-91A2-582BB86D5C2A}.Debug|Any CPU.ActiveCfg = Debug|Any CPU
		{20C2D1E1-8F39-41E8-91A2-582BB86D5C2A}.Debug|Any CPU.Build.0 = Debug|Any CPU
		{20C2D1E1-8F39-41E8-91A2-582BB86D5C2A}.Release|Any CPU.ActiveCfg = Release|Any CPU
		{20C2D1E1-8F39-41E8-91A2-582BB86D5C2A}.Release|Any CPU.Build.0 = Release|Any CPU
	EndGlobalSection
	GlobalSection(SolutionProperties) = preSolution
		HideSolutionNode = FALSE
	EndGlobalSection
	GlobalSection(ExtensibilityGlobals) = postSolution
		SolutionGuid = {61D83BBD-59A0-46F8-B141-C617A85F8359}
	EndGlobalSection
EndGlobal
